
Microsoft Visual Studio Solution File, Format Version 12.00
# Visual Studio 15
VisualStudioVersion = 15.0.27703.2035
MinimumVisualStudioVersion = 10.0.40219.1
Project("{FAE04EC0-301F-11D3-BF4B-00C04F79EFBC}") = "AgustusBackend", "AgustusBackend\AgustusBackend.csproj", "{883B1F31-DC0D-44B1-82C4-CEB25C5C2234}"
EndProject
Project("{FAE04EC0-301F-11D3-BF4B-00C04F79EFBC}") = "BusinessLogic", "BusinessLogic\BusinessLogic.csproj", "{E72676B2-E036-47B1-A53F-6D9AC57A14FF}"
EndProject
Project("{FAE04EC0-301F-11D3-BF4B-00C04F79EFBC}") = "Model", "Model\Model.csproj", "{09BFB651-09FD-4D11-A614-6307A5AA5B93}"
EndProject
Global
	GlobalSection(SolutionConfigurationPlatforms) = preSolution
		Debug|Any CPU = Debug|Any CPU
		Release|Any CPU = Release|Any CPU
	EndGlobalSection
	GlobalSection(ProjectConfigurationPlatforms) = postSolution
		{883B1F31-DC0D-44B1-82C4-CEB25C5C2234}.Debug|Any CPU.ActiveCfg = Debug|Any CPU
		{883B1F31-DC0D-44B1-82C4-CEB25C5C2234}.Debug|Any CPU.Build.0 = Debug|Any CPU
		{883B1F31-DC0D-44B1-82C4-CEB25C5C2234}.Release|Any CPU.ActiveCfg = Release|Any CPU
		{883B1F31-DC0D-44B1-82C4-CEB25C5C2234}.Release|Any CPU.Build.0 = Release|Any CPU
		{E72676B2-E036-47B1-A53F-6D9AC57A14FF}.Debug|Any CPU.ActiveCfg = Debug|Any CPU
		{E72676B2-E036-47B1-A53F-6D9AC57A14FF}.Debug|Any CPU.Build.0 = Debug|Any CPU
		{E72676B2-E036-47B1-A53F-6D9AC57A14FF}.Release|Any CPU.ActiveCfg = Release|Any CPU
		{E72676B2-E036-47B1-A53F-6D9AC57A14FF}.Release|Any CPU.Build.0 = Release|Any CPU
		{09BFB651-09FD-4D11-A614-6307A5AA5B93}.Debug|Any CPU.ActiveCfg = Debug|Any CPU
		{09BFB651-09FD-4D11-A614-6307A5AA5B93}.Debug|Any CPU.Build.0 = Debug|Any CPU
		{09BFB651-09FD-4D11-A614-6307A5AA5B93}.Release|Any CPU.ActiveCfg = Release|Any CPU
		{09BFB651-09FD-4D11-A614-6307A5AA5B93}.Release|Any CPU.Build.0 = Release|Any CPU
	EndGlobalSection
	GlobalSection(SolutionProperties) = preSolution
		HideSolutionNode = FALSE
	EndGlobalSection
	GlobalSection(ExtensibilityGlobals) = postSolution
		SolutionGuid = {E1370FBF-D2A9-47E3-B8B7-87FB4D9FF35D}
	EndGlobalSection
EndGlobal
